
Microsoft Visual Studio Solution File, Format Version 12.00
# Visual Studio Version 17
VisualStudioVersion = 17.4.33122.133
MinimumVisualStudioVersion = 10.0.40219.1
Project("{FAE04EC0-301F-11D3-BF4B-00C04F79EFBC}") = "Beecrowd_1114", "Beecrowd_1114\Beecrowd_1114.csproj", "{CEE3DF7E-1CAF-49F8-9B6E-7229B5128031}"
EndProject
Global
	GlobalSection(SolutionConfigurationPlatforms) = preSolution
		Debug|Any CPU = Debug|Any CPU
		Release|Any CPU = Release|Any CPU
	EndGlobalSection
	GlobalSection(ProjectConfigurationPlatforms) = postSolution
		{CEE3DF7E-1CAF-49F8-9B6E-7229B5128031}.Debug|Any CPU.ActiveCfg = Debug|Any CPU
		{CEE3DF7E-1CAF-49F8-9B6E-7229B5128031}.Debug|Any CPU.Build.0 = Debug|Any CPU
		{CEE3DF7E-1CAF-49F8-9B6E-7229B5128031}.Release|Any CPU.ActiveCfg = Release|Any CPU
		{CEE3DF7E-1CAF-49F8-9B6E-7229B5128031}.Release|Any CPU.Build.0 = Release|Any CPU
	EndGlobalSection
	GlobalSection(SolutionProperties) = preSolution
		HideSolutionNode = FALSE
	EndGlobalSection
	GlobalSection(ExtensibilityGlobals) = postSolution
		SolutionGuid = {9B78AFC5-87E2-46DC-9B40-77DA294DF1E3}
	EndGlobalSection
EndGlobal
