
Microsoft Visual Studio Solution File, Format Version 12.00
# Visual Studio Version 17
VisualStudioVersion = 17.4.33122.133
MinimumVisualStudioVersion = 10.0.40219.1
Project("{FAE04EC0-301F-11D3-BF4B-00C04F79EFBC}") = "Beecrowd_1115", "Beecrowd_1115\Beecrowd_1115.csproj", "{6EC15CF6-076D-46EC-A21C-232BF7C1A2E6}"
EndProject
Global
	GlobalSection(SolutionConfigurationPlatforms) = preSolution
		Debug|Any CPU = Debug|Any CPU
		Release|Any CPU = Release|Any CPU
	EndGlobalSection
	GlobalSection(ProjectConfigurationPlatforms) = postSolution
		{6EC15CF6-076D-46EC-A21C-232BF7C1A2E6}.Debug|Any CPU.ActiveCfg = Debug|Any CPU
		{6EC15CF6-076D-46EC-A21C-232BF7C1A2E6}.Debug|Any CPU.Build.0 = Debug|Any CPU
		{6EC15CF6-076D-46EC-A21C-232BF7C1A2E6}.Release|Any CPU.ActiveCfg = Release|Any CPU
		{6EC15CF6-076D-46EC-A21C-232BF7C1A2E6}.Release|Any CPU.Build.0 = Release|Any CPU
	EndGlobalSection
	GlobalSection(SolutionProperties) = preSolution
		HideSolutionNode = FALSE
	EndGlobalSection
	GlobalSection(ExtensibilityGlobals) = postSolution
		SolutionGuid = {A06F03EB-1B91-426A-B600-7C5CB4A4DFE1}
	EndGlobalSection
EndGlobal
