
Microsoft Visual Studio Solution File, Format Version 12.00
# Visual Studio Version 17
VisualStudioVersion = 17.4.33122.133
MinimumVisualStudioVersion = 10.0.40219.1
Project("{FAE04EC0-301F-11D3-BF4B-00C04F79EFBC}") = "Beecrowd_1095", "Beecrowd_1095\Beecrowd_1095.csproj", "{12FBA0B3-AD0B-494F-96D6-E0295EE47BC4}"
EndProject
Global
	GlobalSection(SolutionConfigurationPlatforms) = preSolution
		Debug|Any CPU = Debug|Any CPU
		Release|Any CPU = Release|Any CPU
	EndGlobalSection
	GlobalSection(ProjectConfigurationPlatforms) = postSolution
		{12FBA0B3-AD0B-494F-96D6-E0295EE47BC4}.Debug|Any CPU.ActiveCfg = Debug|Any CPU
		{12FBA0B3-AD0B-494F-96D6-E0295EE47BC4}.Debug|Any CPU.Build.0 = Debug|Any CPU
		{12FBA0B3-AD0B-494F-96D6-E0295EE47BC4}.Release|Any CPU.ActiveCfg = Release|Any CPU
		{12FBA0B3-AD0B-494F-96D6-E0295EE47BC4}.Release|Any CPU.Build.0 = Release|Any CPU
	EndGlobalSection
	GlobalSection(SolutionProperties) = preSolution
		HideSolutionNode = FALSE
	EndGlobalSection
	GlobalSection(ExtensibilityGlobals) = postSolution
		SolutionGuid = {09D5CE3F-B851-4080-96E9-EED516296D0D}
	EndGlobalSection
EndGlobal
