
Microsoft Visual Studio Solution File, Format Version 12.00
# Visual Studio Version 17
VisualStudioVersion = 17.4.33122.133
MinimumVisualStudioVersion = 10.0.40219.1
Project("{FAE04EC0-301F-11D3-BF4B-00C04F79EFBC}") = "Beecrowd_1060", "Beecrowd_1060\Beecrowd_1060.csproj", "{1D33C770-8F67-4B24-9609-8D7FEE4D605F}"
EndProject
Global
	GlobalSection(SolutionConfigurationPlatforms) = preSolution
		Debug|Any CPU = Debug|Any CPU
		Release|Any CPU = Release|Any CPU
	EndGlobalSection
	GlobalSection(ProjectConfigurationPlatforms) = postSolution
		{1D33C770-8F67-4B24-9609-8D7FEE4D605F}.Debug|Any CPU.ActiveCfg = Debug|Any CPU
		{1D33C770-8F67-4B24-9609-8D7FEE4D605F}.Debug|Any CPU.Build.0 = Debug|Any CPU
		{1D33C770-8F67-4B24-9609-8D7FEE4D605F}.Release|Any CPU.ActiveCfg = Release|Any CPU
		{1D33C770-8F67-4B24-9609-8D7FEE4D605F}.Release|Any CPU.Build.0 = Release|Any CPU
	EndGlobalSection
	GlobalSection(SolutionProperties) = preSolution
		HideSolutionNode = FALSE
	EndGlobalSection
	GlobalSection(ExtensibilityGlobals) = postSolution
		SolutionGuid = {E6811F35-A88C-40D7-8852-8D1727BB5057}
	EndGlobalSection
EndGlobal
