
Microsoft Visual Studio Solution File, Format Version 12.00
# Visual Studio Version 17
VisualStudioVersion = 17.4.33122.133
MinimumVisualStudioVersion = 10.0.40219.1
Project("{FAE04EC0-301F-11D3-BF4B-00C04F79EFBC}") = "Beecrowd_1064", "Beecrowd_1064\Beecrowd_1064.csproj", "{CB312A28-6281-4671-B560-87398A6D90A2}"
EndProject
Global
	GlobalSection(SolutionConfigurationPlatforms) = preSolution
		Debug|Any CPU = Debug|Any CPU
		Release|Any CPU = Release|Any CPU
	EndGlobalSection
	GlobalSection(ProjectConfigurationPlatforms) = postSolution
		{CB312A28-6281-4671-B560-87398A6D90A2}.Debug|Any CPU.ActiveCfg = Debug|Any CPU
		{CB312A28-6281-4671-B560-87398A6D90A2}.Debug|Any CPU.Build.0 = Debug|Any CPU
		{CB312A28-6281-4671-B560-87398A6D90A2}.Release|Any CPU.ActiveCfg = Release|Any CPU
		{CB312A28-6281-4671-B560-87398A6D90A2}.Release|Any CPU.Build.0 = Release|Any CPU
	EndGlobalSection
	GlobalSection(SolutionProperties) = preSolution
		HideSolutionNode = FALSE
	EndGlobalSection
	GlobalSection(ExtensibilityGlobals) = postSolution
		SolutionGuid = {F68C6025-C92D-4306-ACCF-8BC7D6A703F3}
	EndGlobalSection
EndGlobal
