
Microsoft Visual Studio Solution File, Format Version 12.00
# Visual Studio Version 17
VisualStudioVersion = 17.4.33122.133
MinimumVisualStudioVersion = 10.0.40219.1
Project("{FAE04EC0-301F-11D3-BF4B-00C04F79EFBC}") = "Beecrowd_1131", "Beecrowd_1131\Beecrowd_1131.csproj", "{546E9B8B-0C78-45BF-999B-B39EFCBD5A42}"
EndProject
Global
	GlobalSection(SolutionConfigurationPlatforms) = preSolution
		Debug|Any CPU = Debug|Any CPU
		Release|Any CPU = Release|Any CPU
	EndGlobalSection
	GlobalSection(ProjectConfigurationPlatforms) = postSolution
		{546E9B8B-0C78-45BF-999B-B39EFCBD5A42}.Debug|Any CPU.ActiveCfg = Debug|Any CPU
		{546E9B8B-0C78-45BF-999B-B39EFCBD5A42}.Debug|Any CPU.Build.0 = Debug|Any CPU
		{546E9B8B-0C78-45BF-999B-B39EFCBD5A42}.Release|Any CPU.ActiveCfg = Release|Any CPU
		{546E9B8B-0C78-45BF-999B-B39EFCBD5A42}.Release|Any CPU.Build.0 = Release|Any CPU
	EndGlobalSection
	GlobalSection(SolutionProperties) = preSolution
		HideSolutionNode = FALSE
	EndGlobalSection
	GlobalSection(ExtensibilityGlobals) = postSolution
		SolutionGuid = {818F6D54-5309-454D-96BF-D3629F5ED0E6}
	EndGlobalSection
EndGlobal
